
Microsoft Visual Studio Solution File, Format Version 12.00
# Visual Studio Version 17
VisualStudioVersion = 17.4.33122.133
MinimumVisualStudioVersion = 10.0.40219.1
Project("{8BC9CEB8-8B4A-11D0-8D11-00A0C91BC942}") = "test2", "test2\test2.vcxproj", "{BC7C9DD2-6D9D-49CE-97EC-85277D119B7D}"
EndProject
Global
	GlobalSection(SolutionConfigurationPlatforms) = preSolution
		Debug|x64 = Debug|x64
		Debug|x86 = Debug|x86
		Release|x64 = Release|x64
		Release|x86 = Release|x86
	EndGlobalSection
	GlobalSection(ProjectConfigurationPlatforms) = postSolution
		{BC7C9DD2-6D9D-49CE-97EC-85277D119B7D}.Debug|x64.ActiveCfg = Debug|x64
		{BC7C9DD2-6D9D-49CE-97EC-85277D119B7D}.Debug|x64.Build.0 = Debug|x64
		{BC7C9DD2-6D9D-49CE-97EC-85277D119B7D}.Debug|x86.ActiveCfg = Debug|Win32
		{BC7C9DD2-6D9D-49CE-97EC-85277D119B7D}.Debug|x86.Build.0 = Debug|Win32
		{BC7C9DD2-6D9D-49CE-97EC-85277D119B7D}.Release|x64.ActiveCfg = Release|x64
		{BC7C9DD2-6D9D-49CE-97EC-85277D119B7D}.Release|x64.Build.0 = Release|x64
		{BC7C9DD2-6D9D-49CE-97EC-85277D119B7D}.Release|x86.ActiveCfg = Release|Win32
		{BC7C9DD2-6D9D-49CE-97EC-85277D119B7D}.Release|x86.Build.0 = Release|Win32
	EndGlobalSection
	GlobalSection(SolutionProperties) = preSolution
		HideSolutionNode = FALSE
	EndGlobalSection
	GlobalSection(ExtensibilityGlobals) = postSolution
		SolutionGuid = {2D001541-1036-487F-970C-46FBFAC42EA9}
	EndGlobalSection
EndGlobal
